// !$*UTF8*$!
{
	archiveVersion = 1;
	classes = {
	};
	objectVersion = 46;
	objects = {

/* Begin PBXBuildFile section */
		00E356F31AD99517003FC87E /* reactNativeLoginPageTests.m in Sources */ = {isa = PBXBuildFile; fileRef = 00E356F21AD99517003FC87E /* reactNativeLoginPageTests.m */; };
		13B07FBC1A68108700A75B9A /* AppDelegate.m in Sources */ = {isa = PBXBuildFile; fileRef = 13B07FB01A68108700A75B9A /* AppDelegate.m */; };
		13B07FBF1A68108700A75B9A /* Images.xcassets in Resources */ = {isa = PBXBuildFile; fileRef = 13B07FB51A68108700A75B9A /* Images.xcassets */; };
		13B07FC11A68108700A75B9A /* main.m in Sources */ = {isa = PBXBuildFile; fileRef = 13B07FB71A68108700A75B9A /* main.m */; };
		149A45C4F863AA02D5312804 /* libPods-reactNativeLoginPage-tvOSTests.a in Frameworks */ = {isa = PBXBuildFile; fileRef = 1DCA09F31B91B44BF04DAD15 /* libPods-reactNativeLoginPage-tvOSTests.a */; };
		2D02E4BC1E0B4A80006451C7 /* AppDelegate.m in Sources */ = {isa = PBXBuildFile; fileRef = 13B07FB01A68108700A75B9A /* AppDelegate.m */; };
		2D02E4BD1E0B4A84006451C7 /* Images.xcassets in Resources */ = {isa = PBXBuildFile; fileRef = 13B07FB51A68108700A75B9A /* Images.xcassets */; };
		2D02E4BF1E0B4AB3006451C7 /* main.m in Sources */ = {isa = PBXBuildFile; fileRef = 13B07FB71A68108700A75B9A /* main.m */; };
		2DCD954D1E0B4F2C00145EB5 /* reactNativeLoginPageTests.m in Sources */ = {isa = PBXBuildFile; fileRef = 00E356F21AD99517003FC87E /* reactNativeLoginPageTests.m */; };
		81AB9BB82411601600AC10FF /* LaunchScreen.storyboard in Resources */ = {isa = PBXBuildFile; fileRef = 81AB9BB72411601600AC10FF /* LaunchScreen.storyboard */; };
		8675EDD7AF4E98C7491E1818 /* libPods-reactNativeLoginPage.a in Frameworks */ = {isa = PBXBuildFile; fileRef = 5CCBCD2765886AB5BB6D8A37 /* libPods-reactNativeLoginPage.a */; };
		C34DD7B840E3B877C17E7874 /* libPods-reactNativeLoginPage-tvOS.a in Frameworks */ = {isa = PBXBuildFile; fileRef = A4131AF3E576D14625ABE8C5 /* libPods-reactNativeLoginPage-tvOS.a */; };
		E1394D12C63FDE92BC0B2091 /* libPods-reactNativeLoginPage-reactNativeLoginPageTests.a in Frameworks */ = {isa = PBXBuildFile; fileRef = 55F031A2CE5323096186B3B6 /* libPods-reactNativeLoginPage-reactNativeLoginPageTests.a */; };
		9D25F9E2D2254FE59879D33F /* Vector.svg in Resources */ = {isa = PBXBuildFile; fileRef = 1C5B37F94F3C49E6B73653AC /* Vector.svg */; };
		2416DFB3A97549C3BCE609E6 /* AbrilFatface-Regular.ttf in Resources */ = {isa = PBXBuildFile; fileRef = 15AC5E10048D4673849DECE0 /* AbrilFatface-Regular.ttf */; };
		F7C5A14D96C249FF84801C14 /* WorkSans-Black.ttf in Resources */ = {isa = PBXBuildFile; fileRef = 771E2888C2B14123BA2483A8 /* WorkSans-Black.ttf */; };
		113215701F244477A0521702 /* WorkSans-BlackItalic.ttf in Resources */ = {isa = PBXBuildFile; fileRef = B645698C255B4C57B443C8A2 /* WorkSans-BlackItalic.ttf */; };
		58592A8C72C1493ABE85C7BA /* WorkSans-Bold.ttf in Resources */ = {isa = PBXBuildFile; fileRef = FD835BCD1EC1491CB89A8494 /* WorkSans-Bold.ttf */; };
		E4DA8E37078C431AA074AE26 /* WorkSans-BoldItalic.ttf in Resources */ = {isa = PBXBuildFile; fileRef = C042FF18805143B6BE32C3DD /* WorkSans-BoldItalic.ttf */; };
		2011365EEF5A4F2C8081CAD6 /* WorkSans-ExtraBold.ttf in Resources */ = {isa = PBXBuildFile; fileRef = AD6DB515F2D641E1B3C0BE21 /* WorkSans-ExtraBold.ttf */; };
		E1CF10C1645442D7852710BC /* WorkSans-ExtraBoldItalic.ttf in Resources */ = {isa = PBXBuildFile; fileRef = 795684D8F1564FEAB94244DC /* WorkSans-ExtraBoldItalic.ttf */; };
		20E18202BB294A9C82587894 /* WorkSans-ExtraLight.ttf in Resources */ = {isa = PBXBuildFile; fileRef = D931974E180C462099A2B202 /* WorkSans-ExtraLight.ttf */; };
		E025398D2B4A4A498E7818EA /* WorkSans-ExtraLightItalic.ttf in Resources */ = {isa = PBXBuildFile; fileRef = 57B5331A3F83416D9BFEE936 /* WorkSans-ExtraLightItalic.ttf */; };
		7F79C84214524891AEE54A00 /* WorkSans-Italic.ttf in Resources */ = {isa = PBXBuildFile; fileRef = 7F296D7B3B5D414EA26F4BB0 /* WorkSans-Italic.ttf */; };
		22E3BB096228471EB5946268 /* WorkSans-Light.ttf in Resources */ = {isa = PBXBuildFile; fileRef = 61838E52F52148EB884129CF /* WorkSans-Light.ttf */; };
		9FE31A5D88A64E3890B7AC91 /* WorkSans-LightItalic.ttf in Resources */ = {isa = PBXBuildFile; fileRef = 7962047F97504CD4A44AB721 /* WorkSans-LightItalic.ttf */; };
		2EC9F3F96AD141F4BB712875 /* WorkSans-Medium.ttf in Resources */ = {isa = PBXBuildFile; fileRef = BD9E340EFA694A4BB207F6F9 /* WorkSans-Medium.ttf */; };
		30DA0F0DE42B4EDF9004A5A9 /* WorkSans-MediumItalic.ttf in Resources */ = {isa = PBXBuildFile; fileRef = D4DE90216CBE453097A507A4 /* WorkSans-MediumItalic.ttf */; };
		50D7A1E99DA04AAC844BA8AA /* WorkSans-Regular.ttf in Resources */ = {isa = PBXBuildFile; fileRef = 476F7DCED85740E9B5F1C465 /* WorkSans-Regular.ttf */; };
		7EA3A27AF0734128AEA75B5F /* WorkSans-SemiBold.ttf in Resources */ = {isa = PBXBuildFile; fileRef = FC61A5B45FD9447F986BDB66 /* WorkSans-SemiBold.ttf */; };
		BBDAC3D10F9743DEA9EFAE0E /* WorkSans-SemiBoldItalic.ttf in Resources */ = {isa = PBXBuildFile; fileRef = 35F5782488674004A66DA854 /* WorkSans-SemiBoldItalic.ttf */; };
		9B25562DE3084857932CC790 /* WorkSans-Thin.ttf in Resources */ = {isa = PBXBuildFile; fileRef = 3FDE9D279DE649A48711B637 /* WorkSans-Thin.ttf */; };
		F4E6DEE2ED5249329DE889EA /* WorkSans-ThinItalic.ttf in Resources */ = {isa = PBXBuildFile; fileRef = 493238BC5F0F4E16B48979D6 /* WorkSans-ThinItalic.ttf */; };
		EA6A975E2A1C40C1B680F496 /* WorkSans-Italic-VariableFont_wght.ttf in Resources */ = {isa = PBXBuildFile; fileRef = 43252782F0424EEAAA3D3B88 /* WorkSans-Italic-VariableFont_wght.ttf */; };
		7DC8D9FF121A4186ACF74D69 /* WorkSans-VariableFont_wght.ttf in Resources */ = {isa = PBXBuildFile; fileRef = 25A731B981274BB196B5342C /* WorkSans-VariableFont_wght.ttf */; };
/* End PBXBuildFile section */

/* Begin PBXContainerItemProxy section */
		00E356F41AD99517003FC87E /* PBXContainerItemProxy */ = {
			isa = PBXContainerItemProxy;
			containerPortal = 83CBB9F71A601CBA00E9B192 /* Project object */;
			proxyType = 1;
			remoteGlobalIDString = 13B07F861A680F5B00A75B9A;
			remoteInfo = reactNativeLoginPage;
		};
		2D02E4911E0B4A5D006451C7 /* PBXContainerItemProxy */ = {
			isa = PBXContainerItemProxy;
			containerPortal = 83CBB9F71A601CBA00E9B192 /* Project object */;
			proxyType = 1;
			remoteGlobalIDString = 2D02E47A1E0B4A5D006451C7;
			remoteInfo = "reactNativeLoginPage-tvOS";
		};
/* End PBXContainerItemProxy section */

/* Begin PBXFileReference section */
		008F07F21AC5B25A0029DE68 /* main.jsbundle */ = {isa = PBXFileReference; fileEncoding = 4; lastKnownFileType = text; path = main.jsbundle; sourceTree = "<group>"; };
		00E356EE1AD99517003FC87E /* reactNativeLoginPageTests.xctest */ = {isa = PBXFileReference; explicitFileType = wrapper.cfbundle; includeInIndex = 0; path = reactNativeLoginPageTests.xctest; sourceTree = BUILT_PRODUCTS_DIR; };
		00E356F11AD99517003FC87E /* Info.plist */ = {isa = PBXFileReference; lastKnownFileType = text.plist.xml; path = Info.plist; sourceTree = "<group>"; };
		00E356F21AD99517003FC87E /* reactNativeLoginPageTests.m */ = {isa = PBXFileReference; lastKnownFileType = sourcecode.c.objc; path = reactNativeLoginPageTests.m; sourceTree = "<group>"; };
		13B07F961A680F5B00A75B9A /* reactNativeLoginPage.app */ = {isa = PBXFileReference; explicitFileType = wrapper.application; includeInIndex = 0; path = reactNativeLoginPage.app; sourceTree = BUILT_PRODUCTS_DIR; };
		13B07FAF1A68108700A75B9A /* AppDelegate.h */ = {isa = PBXFileReference; fileEncoding = 4; lastKnownFileType = sourcecode.c.h; name = AppDelegate.h; path = reactNativeLoginPage/AppDelegate.h; sourceTree = "<group>"; };
		13B07FB01A68108700A75B9A /* AppDelegate.m */ = {isa = PBXFileReference; fileEncoding = 4; lastKnownFileType = sourcecode.c.objc; name = AppDelegate.m; path = reactNativeLoginPage/AppDelegate.m; sourceTree = "<group>"; };
		13B07FB51A68108700A75B9A /* Images.xcassets */ = {isa = PBXFileReference; lastKnownFileType = folder.assetcatalog; name = Images.xcassets; path = reactNativeLoginPage/Images.xcassets; sourceTree = "<group>"; };
		13B07FB61A68108700A75B9A /* Info.plist */ = {isa = PBXFileReference; fileEncoding = 4; lastKnownFileType = text.plist.xml; name = Info.plist; path = reactNativeLoginPage/Info.plist; sourceTree = "<group>"; };
		13B07FB71A68108700A75B9A /* main.m */ = {isa = PBXFileReference; fileEncoding = 4; lastKnownFileType = sourcecode.c.objc; name = main.m; path = reactNativeLoginPage/main.m; sourceTree = "<group>"; };
		1788E699327CDC9FCC0E69C0 /* Pods-reactNativeLoginPage-reactNativeLoginPageTests.release.xcconfig */ = {isa = PBXFileReference; includeInIndex = 1; lastKnownFileType = text.xcconfig; name = "Pods-reactNativeLoginPage-reactNativeLoginPageTests.release.xcconfig"; path = "Target Support Files/Pods-reactNativeLoginPage-reactNativeLoginPageTests/Pods-reactNativeLoginPage-reactNativeLoginPageTests.release.xcconfig"; sourceTree = "<group>"; };
		1DCA09F31B91B44BF04DAD15 /* libPods-reactNativeLoginPage-tvOSTests.a */ = {isa = PBXFileReference; explicitFileType = archive.ar; includeInIndex = 0; path = "libPods-reactNativeLoginPage-tvOSTests.a"; sourceTree = BUILT_PRODUCTS_DIR; };
		1E605C67770C2FA45A7CA58F /* Pods-reactNativeLoginPage-tvOSTests.release.xcconfig */ = {isa = PBXFileReference; includeInIndex = 1; lastKnownFileType = text.xcconfig; name = "Pods-reactNativeLoginPage-tvOSTests.release.xcconfig"; path = "Target Support Files/Pods-reactNativeLoginPage-tvOSTests/Pods-reactNativeLoginPage-tvOSTests.release.xcconfig"; sourceTree = "<group>"; };
		243AB2F38FFDEFEFB64795E7 /* Pods-reactNativeLoginPage.release.xcconfig */ = {isa = PBXFileReference; includeInIndex = 1; lastKnownFileType = text.xcconfig; name = "Pods-reactNativeLoginPage.release.xcconfig"; path = "Target Support Files/Pods-reactNativeLoginPage/Pods-reactNativeLoginPage.release.xcconfig"; sourceTree = "<group>"; };
		2D02E47B1E0B4A5D006451C7 /* reactNativeLoginPage-tvOS.app */ = {isa = PBXFileReference; explicitFileType = wrapper.application; includeInIndex = 0; path = "reactNativeLoginPage-tvOS.app"; sourceTree = BUILT_PRODUCTS_DIR; };
		2D02E4901E0B4A5D006451C7 /* reactNativeLoginPage-tvOSTests.xctest */ = {isa = PBXFileReference; explicitFileType = wrapper.cfbundle; includeInIndex = 0; path = "reactNativeLoginPage-tvOSTests.xctest"; sourceTree = BUILT_PRODUCTS_DIR; };
		416ABB7E2B31D3703D300E4F /* Pods-reactNativeLoginPage.debug.xcconfig */ = {isa = PBXFileReference; includeInIndex = 1; lastKnownFileType = text.xcconfig; name = "Pods-reactNativeLoginPage.debug.xcconfig"; path = "Target Support Files/Pods-reactNativeLoginPage/Pods-reactNativeLoginPage.debug.xcconfig"; sourceTree = "<group>"; };
		55F031A2CE5323096186B3B6 /* libPods-reactNativeLoginPage-reactNativeLoginPageTests.a */ = {isa = PBXFileReference; explicitFileType = archive.ar; includeInIndex = 0; path = "libPods-reactNativeLoginPage-reactNativeLoginPageTests.a"; sourceTree = BUILT_PRODUCTS_DIR; };
		5CCBCD2765886AB5BB6D8A37 /* libPods-reactNativeLoginPage.a */ = {isa = PBXFileReference; explicitFileType = archive.ar; includeInIndex = 0; path = "libPods-reactNativeLoginPage.a"; sourceTree = BUILT_PRODUCTS_DIR; };
		77DA07F39E398B745E6B7DED /* Pods-reactNativeLoginPage-tvOS.release.xcconfig */ = {isa = PBXFileReference; includeInIndex = 1; lastKnownFileType = text.xcconfig; name = "Pods-reactNativeLoginPage-tvOS.release.xcconfig"; path = "Target Support Files/Pods-reactNativeLoginPage-tvOS/Pods-reactNativeLoginPage-tvOS.release.xcconfig"; sourceTree = "<group>"; };
		81AB9BB72411601600AC10FF /* LaunchScreen.storyboard */ = {isa = PBXFileReference; fileEncoding = 4; lastKnownFileType = file.storyboard; name = LaunchScreen.storyboard; path = reactNativeLoginPage/LaunchScreen.storyboard; sourceTree = "<group>"; };
		9C307329791E6484CCCF4CDA /* Pods-reactNativeLoginPage-tvOS.debug.xcconfig */ = {isa = PBXFileReference; includeInIndex = 1; lastKnownFileType = text.xcconfig; name = "Pods-reactNativeLoginPage-tvOS.debug.xcconfig"; path = "Target Support Files/Pods-reactNativeLoginPage-tvOS/Pods-reactNativeLoginPage-tvOS.debug.xcconfig"; sourceTree = "<group>"; };
		A4131AF3E576D14625ABE8C5 /* libPods-reactNativeLoginPage-tvOS.a */ = {isa = PBXFileReference; explicitFileType = archive.ar; includeInIndex = 0; path = "libPods-reactNativeLoginPage-tvOS.a"; sourceTree = BUILT_PRODUCTS_DIR; };
		B8F38A343FA63CDA417B1880 /* Pods-reactNativeLoginPage-tvOSTests.debug.xcconfig */ = {isa = PBXFileReference; includeInIndex = 1; lastKnownFileType = text.xcconfig; name = "Pods-reactNativeLoginPage-tvOSTests.debug.xcconfig"; path = "Target Support Files/Pods-reactNativeLoginPage-tvOSTests/Pods-reactNativeLoginPage-tvOSTests.debug.xcconfig"; sourceTree = "<group>"; };
		E23BF54997F20CD09FB170FB /* Pods-reactNativeLoginPage-reactNativeLoginPageTests.debug.xcconfig */ = {isa = PBXFileReference; includeInIndex = 1; lastKnownFileType = text.xcconfig; name = "Pods-reactNativeLoginPage-reactNativeLoginPageTests.debug.xcconfig"; path = "Target Support Files/Pods-reactNativeLoginPage-reactNativeLoginPageTests/Pods-reactNativeLoginPage-reactNativeLoginPageTests.debug.xcconfig"; sourceTree = "<group>"; };
		ED297162215061F000B7C4FE /* JavaScriptCore.framework */ = {isa = PBXFileReference; lastKnownFileType = wrapper.framework; name = JavaScriptCore.framework; path = System/Library/Frameworks/JavaScriptCore.framework; sourceTree = SDKROOT; };
		ED2971642150620600B7C4FE /* JavaScriptCore.framework */ = {isa = PBXFileReference; lastKnownFileType = wrapper.framework; name = JavaScriptCore.framework; path = Platforms/AppleTVOS.platform/Developer/SDKs/AppleTVOS12.0.sdk/System/Library/Frameworks/JavaScriptCore.framework; sourceTree = DEVELOPER_DIR; };
		1C5B37F94F3C49E6B73653AC /* Vector.svg */ = {isa = PBXFileReference; name = "Vector.svg"; path = "../assets/fonts/Vector.svg"; sourceTree = "<group>"; fileEncoding = undefined; lastKnownFileType = unknown; explicitFileType = undefined; includeInIndex = 0; };
		15AC5E10048D4673849DECE0 /* AbrilFatface-Regular.ttf */ = {isa = PBXFileReference; name = "AbrilFatface-Regular.ttf"; path = "../assets/fonts/AbrilFatface-Regular.ttf"; sourceTree = "<group>"; fileEncoding = undefined; lastKnownFileType = unknown; explicitFileType = undefined; includeInIndex = 0; };
		771E2888C2B14123BA2483A8 /* WorkSans-Black.ttf */ = {isa = PBXFileReference; name = "WorkSans-Black.ttf"; path = "../assets/fonts/static/WorkSans-Black.ttf"; sourceTree = "<group>"; fileEncoding = undefined; lastKnownFileType = unknown; explicitFileType = undefined; includeInIndex = 0; };
		B645698C255B4C57B443C8A2 /* WorkSans-BlackItalic.ttf */ = {isa = PBXFileReference; name = "WorkSans-BlackItalic.ttf"; path = "../assets/fonts/static/WorkSans-BlackItalic.ttf"; sourceTree = "<group>"; fileEncoding = undefined; lastKnownFileType = unknown; explicitFileType = undefined; includeInIndex = 0; };
		FD835BCD1EC1491CB89A8494 /* WorkSans-Bold.ttf */ = {isa = PBXFileReference; name = "WorkSans-Bold.ttf"; path = "../assets/fonts/static/WorkSans-Bold.ttf"; sourceTree = "<group>"; fileEncoding = undefined; lastKnownFileType = unknown; explicitFileType = undefined; includeInIndex = 0; };
		C042FF18805143B6BE32C3DD /* WorkSans-BoldItalic.ttf */ = {isa = PBXFileReference; name = "WorkSans-BoldItalic.ttf"; path = "../assets/fonts/static/WorkSans-BoldItalic.ttf"; sourceTree = "<group>"; fileEncoding = undefined; lastKnownFileType = unknown; explicitFileType = undefined; includeInIndex = 0; };
		AD6DB515F2D641E1B3C0BE21 /* WorkSans-ExtraBold.ttf */ = {isa = PBXFileReference; name = "WorkSans-ExtraBold.ttf"; path = "../assets/fonts/static/WorkSans-ExtraBold.ttf"; sourceTree = "<group>"; fileEncoding = undefined; lastKnownFileType = unknown; explicitFileType = undefined; includeInIndex = 0; };
		795684D8F1564FEAB94244DC /* WorkSans-ExtraBoldItalic.ttf */ = {isa = PBXFileReference; name = "WorkSans-ExtraBoldItalic.ttf"; path = "../assets/fonts/static/WorkSans-ExtraBoldItalic.ttf"; sourceTree = "<group>"; fileEncoding = undefined; lastKnownFileType = unknown; explicitFileType = undefined; includeInIndex = 0; };
		D931974E180C462099A2B202 /* WorkSans-ExtraLight.ttf */ = {isa = PBXFileReference; name = "WorkSans-ExtraLight.ttf"; path = "../assets/fonts/static/WorkSans-ExtraLight.ttf"; sourceTree = "<group>"; fileEncoding = undefined; lastKnownFileType = unknown; explicitFileType = undefined; includeInIndex = 0; };
		57B5331A3F83416D9BFEE936 /* WorkSans-ExtraLightItalic.ttf */ = {isa = PBXFileReference; name = "WorkSans-ExtraLightItalic.ttf"; path = "../assets/fonts/static/WorkSans-ExtraLightItalic.ttf"; sourceTree = "<group>"; fileEncoding = undefined; lastKnownFileType = unknown; explicitFileType = undefined; includeInIndex = 0; };
		7F296D7B3B5D414EA26F4BB0 /* WorkSans-Italic.ttf */ = {isa = PBXFileReference; name = "WorkSans-Italic.ttf"; path = "../assets/fonts/static/WorkSans-Italic.ttf"; sourceTree = "<group>"; fileEncoding = undefined; lastKnownFileType = unknown; explicitFileType = undefined; includeInIndex = 0; };
		61838E52F52148EB884129CF /* WorkSans-Light.ttf */ = {isa = PBXFileReference; name = "WorkSans-Light.ttf"; path = "../assets/fonts/static/WorkSans-Light.ttf"; sourceTree = "<group>"; fileEncoding = undefined; lastKnownFileType = unknown; explicitFileType = undefined; includeInIndex = 0; };
		7962047F97504CD4A44AB721 /* WorkSans-LightItalic.ttf */ = {isa = PBXFileReference; name = "WorkSans-LightItalic.ttf"; path = "../assets/fonts/static/WorkSans-LightItalic.ttf"; sourceTree = "<group>"; fileEncoding = undefined; lastKnownFileType = unknown; explicitFileType = undefined; includeInIndex = 0; };
		BD9E340EFA694A4BB207F6F9 /* WorkSans-Medium.ttf */ = {isa = PBXFileReference; name = "WorkSans-Medium.ttf"; path = "../assets/fonts/static/WorkSans-Medium.ttf"; sourceTree = "<group>"; fileEncoding = undefined; lastKnownFileType = unknown; explicitFileType = undefined; includeInIndex = 0; };
		D4DE90216CBE453097A507A4 /* WorkSans-MediumItalic.ttf */ = {isa = PBXFileReference; name = "WorkSans-MediumItalic.ttf"; path = "../assets/fonts/static/WorkSans-MediumItalic.ttf"; sourceTree = "<group>"; fileEncoding = undefined; lastKnownFileType = unknown; explicitFileType = undefined; includeInIndex = 0; };
		476F7DCED85740E9B5F1C465 /* WorkSans-Regular.ttf */ = {isa = PBXFileReference; name = "WorkSans-Regular.ttf"; path = "../assets/fonts/static/WorkSans-Regular.ttf"; sourceTree = "<group>"; fileEncoding = undefined; lastKnownFileType = unknown; explicitFileType = undefined; includeInIndex = 0; };
		FC61A5B45FD9447F986BDB66 /* WorkSans-SemiBold.ttf */ = {isa = PBXFileReference; name = "WorkSans-SemiBold.ttf"; path = "../assets/fonts/static/WorkSans-SemiBold.ttf"; sourceTree = "<group>"; fileEncoding = undefined; lastKnownFileType = unknown; explicitFileType = undefined; includeInIndex = 0; };
		35F5782488674004A66DA854 /* WorkSans-SemiBoldItalic.ttf */ = {isa = PBXFileReference; name = "WorkSans-SemiBoldItalic.ttf"; path = "../assets/fonts/static/WorkSans-SemiBoldItalic.ttf"; sourceTree = "<group>"; fileEncoding = undefined; lastKnownFileType = unknown; explicitFileType = undefined; includeInIndex = 0; };
		3FDE9D279DE649A48711B637 /* WorkSans-Thin.ttf */ = {isa = PBXFileReference; name = "WorkSans-Thin.ttf"; path = "../assets/fonts/static/WorkSans-Thin.ttf"; sourceTree = "<group>"; fileEncoding = undefined; lastKnownFileType = unknown; explicitFileType = undefined; includeInIndex = 0; };
		493238BC5F0F4E16B48979D6 /* WorkSans-ThinItalic.ttf */ = {isa = PBXFileReference; name = "WorkSans-ThinItalic.ttf"; path = "../assets/fonts/static/WorkSans-ThinItalic.ttf"; sourceTree = "<group>"; fileEncoding = undefined; lastKnownFileType = unknown; explicitFileType = undefined; includeInIndex = 0; };
		43252782F0424EEAAA3D3B88 /* WorkSans-Italic-VariableFont_wght.ttf */ = {isa = PBXFileReference; name = "WorkSans-Italic-VariableFont_wght.ttf"; path = "../assets/fonts/WorkSans-Italic-VariableFont_wght.ttf"; sourceTree = "<group>"; fileEncoding = undefined; lastKnownFileType = unknown; explicitFileType = undefined; includeInIndex = 0; };
		25A731B981274BB196B5342C /* WorkSans-VariableFont_wght.ttf */ = {isa = PBXFileReference; name = "WorkSans-VariableFont_wght.ttf"; path = "../assets/fonts/WorkSans-VariableFont_wght.ttf"; sourceTree = "<group>"; fileEncoding = undefined; lastKnownFileType = unknown; explicitFileType = undefined; includeInIndex = 0; };
/* End PBXFileReference section */

/* Begin PBXFrameworksBuildPhase section */
		00E356EB1AD99517003FC87E /* Frameworks */ = {
			isa = PBXFrameworksBuildPhase;
			buildActionMask = 2147483647;
			files = (
				E1394D12C63FDE92BC0B2091 /* libPods-reactNativeLoginPage-reactNativeLoginPageTests.a in Frameworks */,
			);
			runOnlyForDeploymentPostprocessing = 0;
		};
		13B07F8C1A680F5B00A75B9A /* Frameworks */ = {
			isa = PBXFrameworksBuildPhase;
			buildActionMask = 2147483647;
			files = (
				8675EDD7AF4E98C7491E1818 /* libPods-reactNativeLoginPage.a in Frameworks */,
			);
			runOnlyForDeploymentPostprocessing = 0;
		};
		2D02E4781E0B4A5D006451C7 /* Frameworks */ = {
			isa = PBXFrameworksBuildPhase;
			buildActionMask = 2147483647;
			files = (
				C34DD7B840E3B877C17E7874 /* libPods-reactNativeLoginPage-tvOS.a in Frameworks */,
			);
			runOnlyForDeploymentPostprocessing = 0;
		};
		2D02E48D1E0B4A5D006451C7 /* Frameworks */ = {
			isa = PBXFrameworksBuildPhase;
			buildActionMask = 2147483647;
			files = (
				149A45C4F863AA02D5312804 /* libPods-reactNativeLoginPage-tvOSTests.a in Frameworks */,
			);
			runOnlyForDeploymentPostprocessing = 0;
		};
/* End PBXFrameworksBuildPhase section */

/* Begin PBXGroup section */
		00E356EF1AD99517003FC87E /* reactNativeLoginPageTests */ = {
			isa = PBXGroup;
			children = (
				00E356F21AD99517003FC87E /* reactNativeLoginPageTests.m */,
				00E356F01AD99517003FC87E /* Supporting Files */,
			);
			path = reactNativeLoginPageTests;
			sourceTree = "<group>";
		};
		00E356F01AD99517003FC87E /* Supporting Files */ = {
			isa = PBXGroup;
			children = (
				00E356F11AD99517003FC87E /* Info.plist */,
			);
			name = "Supporting Files";
			sourceTree = "<group>";
		};
		13B07FAE1A68108700A75B9A /* reactNativeLoginPage */ = {
			isa = PBXGroup;
			children = (
				008F07F21AC5B25A0029DE68 /* main.jsbundle */,
				13B07FAF1A68108700A75B9A /* AppDelegate.h */,
				13B07FB01A68108700A75B9A /* AppDelegate.m */,
				13B07FB51A68108700A75B9A /* Images.xcassets */,
				13B07FB61A68108700A75B9A /* Info.plist */,
				81AB9BB72411601600AC10FF /* LaunchScreen.storyboard */,
				13B07FB71A68108700A75B9A /* main.m */,
			);
			name = reactNativeLoginPage;
			sourceTree = "<group>";
		};
		2D16E6871FA4F8E400B85C8A /* Frameworks */ = {
			isa = PBXGroup;
			children = (
				ED297162215061F000B7C4FE /* JavaScriptCore.framework */,
				ED2971642150620600B7C4FE /* JavaScriptCore.framework */,
				5CCBCD2765886AB5BB6D8A37 /* libPods-reactNativeLoginPage.a */,
				55F031A2CE5323096186B3B6 /* libPods-reactNativeLoginPage-reactNativeLoginPageTests.a */,
				A4131AF3E576D14625ABE8C5 /* libPods-reactNativeLoginPage-tvOS.a */,
				1DCA09F31B91B44BF04DAD15 /* libPods-reactNativeLoginPage-tvOSTests.a */,
			);
			name = Frameworks;
			sourceTree = "<group>";
		};
		61651DA0FA84600D04211C74 /* Pods */ = {
			isa = PBXGroup;
			children = (
				416ABB7E2B31D3703D300E4F /* Pods-reactNativeLoginPage.debug.xcconfig */,
				243AB2F38FFDEFEFB64795E7 /* Pods-reactNativeLoginPage.release.xcconfig */,
				E23BF54997F20CD09FB170FB /* Pods-reactNativeLoginPage-reactNativeLoginPageTests.debug.xcconfig */,
				1788E699327CDC9FCC0E69C0 /* Pods-reactNativeLoginPage-reactNativeLoginPageTests.release.xcconfig */,
				9C307329791E6484CCCF4CDA /* Pods-reactNativeLoginPage-tvOS.debug.xcconfig */,
				77DA07F39E398B745E6B7DED /* Pods-reactNativeLoginPage-tvOS.release.xcconfig */,
				B8F38A343FA63CDA417B1880 /* Pods-reactNativeLoginPage-tvOSTests.debug.xcconfig */,
				1E605C67770C2FA45A7CA58F /* Pods-reactNativeLoginPage-tvOSTests.release.xcconfig */,
			);
			name = Pods;
			path = Pods;
			sourceTree = "<group>";
		};
		832341AE1AAA6A7D00B99B32 /* Libraries */ = {
			isa = PBXGroup;
			children = (
			);
			name = Libraries;
			sourceTree = "<group>";
		};
		83CBB9F61A601CBA00E9B192 = {
			isa = PBXGroup;
			children = (
				13B07FAE1A68108700A75B9A /* reactNativeLoginPage */,
				832341AE1AAA6A7D00B99B32 /* Libraries */,
				00E356EF1AD99517003FC87E /* reactNativeLoginPageTests */,
				83CBBA001A601CBA00E9B192 /* Products */,
				2D16E6871FA4F8E400B85C8A /* Frameworks */,
				61651DA0FA84600D04211C74 /* Pods */,
				C86191C8B68B48339B424F8D /* Resources */,
			);
			indentWidth = 2;
			sourceTree = "<group>";
			tabWidth = 2;
			usesTabs = 0;
		};
		83CBBA001A601CBA00E9B192 /* Products */ = {
			isa = PBXGroup;
			children = (
				13B07F961A680F5B00A75B9A /* reactNativeLoginPage.app */,
				00E356EE1AD99517003FC87E /* reactNativeLoginPageTests.xctest */,
				2D02E47B1E0B4A5D006451C7 /* reactNativeLoginPage-tvOS.app */,
				2D02E4901E0B4A5D006451C7 /* reactNativeLoginPage-tvOSTests.xctest */,
			);
			name = Products;
			sourceTree = "<group>";
		};
		C86191C8B68B48339B424F8D /* Resources */ = {
			isa = "PBXGroup";
			children = (
				1C5B37F94F3C49E6B73653AC /* Vector.svg */,
				15AC5E10048D4673849DECE0 /* AbrilFatface-Regular.ttf */,
				771E2888C2B14123BA2483A8 /* WorkSans-Black.ttf */,
				B645698C255B4C57B443C8A2 /* WorkSans-BlackItalic.ttf */,
				FD835BCD1EC1491CB89A8494 /* WorkSans-Bold.ttf */,
				C042FF18805143B6BE32C3DD /* WorkSans-BoldItalic.ttf */,
				AD6DB515F2D641E1B3C0BE21 /* WorkSans-ExtraBold.ttf */,
				795684D8F1564FEAB94244DC /* WorkSans-ExtraBoldItalic.ttf */,
				D931974E180C462099A2B202 /* WorkSans-ExtraLight.ttf */,
				57B5331A3F83416D9BFEE936 /* WorkSans-ExtraLightItalic.ttf */,
				7F296D7B3B5D414EA26F4BB0 /* WorkSans-Italic.ttf */,
				61838E52F52148EB884129CF /* WorkSans-Light.ttf */,
				7962047F97504CD4A44AB721 /* WorkSans-LightItalic.ttf */,
				BD9E340EFA694A4BB207F6F9 /* WorkSans-Medium.ttf */,
				D4DE90216CBE453097A507A4 /* WorkSans-MediumItalic.ttf */,
				476F7DCED85740E9B5F1C465 /* WorkSans-Regular.ttf */,
				FC61A5B45FD9447F986BDB66 /* WorkSans-SemiBold.ttf */,
				35F5782488674004A66DA854 /* WorkSans-SemiBoldItalic.ttf */,
				3FDE9D279DE649A48711B637 /* WorkSans-Thin.ttf */,
				493238BC5F0F4E16B48979D6 /* WorkSans-ThinItalic.ttf */,
				43252782F0424EEAAA3D3B88 /* WorkSans-Italic-VariableFont_wght.ttf */,
				25A731B981274BB196B5342C /* WorkSans-VariableFont_wght.ttf */,
			);
			name = Resources;
			sourceTree = "<group>";
			path = "";
		};
/* End PBXGroup section */

/* Begin PBXNativeTarget section */
		00E356ED1AD99517003FC87E /* reactNativeLoginPageTests */ = {
			isa = PBXNativeTarget;
			buildConfigurationList = 00E357021AD99517003FC87E /* Build configuration list for PBXNativeTarget "reactNativeLoginPageTests" */;
			buildPhases = (
				FC1C5CE7C5167AAFB7415AB7 /* [CP] Check Pods Manifest.lock */,
				00E356EA1AD99517003FC87E /* Sources */,
				00E356EB1AD99517003FC87E /* Frameworks */,
				00E356EC1AD99517003FC87E /* Resources */,
				C1D38DA255976EA5D2C066D0 /* [CP] Embed Pods Frameworks */,
				07846245FA6C0DAB6BFED10A /* [CP] Copy Pods Resources */,
			);
			buildRules = (
			);
			dependencies = (
				00E356F51AD99517003FC87E /* PBXTargetDependency */,
			);
			name = reactNativeLoginPageTests;
			productName = reactNativeLoginPageTests;
			productReference = 00E356EE1AD99517003FC87E /* reactNativeLoginPageTests.xctest */;
			productType = "com.apple.product-type.bundle.unit-test";
		};
		13B07F861A680F5B00A75B9A /* reactNativeLoginPage */ = {
			isa = PBXNativeTarget;
			buildConfigurationList = 13B07F931A680F5B00A75B9A /* Build configuration list for PBXNativeTarget "reactNativeLoginPage" */;
			buildPhases = (
				CDD2D5F9CF4114BDA54FB8AE /* [CP] Check Pods Manifest.lock */,
				FD10A7F022414F080027D42C /* Start Packager */,
				13B07F871A680F5B00A75B9A /* Sources */,
				13B07F8C1A680F5B00A75B9A /* Frameworks */,
				13B07F8E1A680F5B00A75B9A /* Resources */,
				00DD1BFF1BD5951E006B06BC /* Bundle React Native code and images */,
				A563963DFD6C5652733836C9 /* [CP] Embed Pods Frameworks */,
				11B8169D216CC54B8362D314 /* [CP] Copy Pods Resources */,
			);
			buildRules = (
			);
			dependencies = (
			);
			name = reactNativeLoginPage;
			productName = reactNativeLoginPage;
			productReference = 13B07F961A680F5B00A75B9A /* reactNativeLoginPage.app */;
			productType = "com.apple.product-type.application";
		};
		2D02E47A1E0B4A5D006451C7 /* reactNativeLoginPage-tvOS */ = {
			isa = PBXNativeTarget;
			buildConfigurationList = 2D02E4BA1E0B4A5E006451C7 /* Build configuration list for PBXNativeTarget "reactNativeLoginPage-tvOS" */;
			buildPhases = (
				985876E07BB033EAE9458C58 /* [CP] Check Pods Manifest.lock */,
				FD10A7F122414F3F0027D42C /* Start Packager */,
				2D02E4771E0B4A5D006451C7 /* Sources */,
				2D02E4781E0B4A5D006451C7 /* Frameworks */,
				2D02E4791E0B4A5D006451C7 /* Resources */,
				2D02E4CB1E0B4B27006451C7 /* Bundle React Native Code And Images */,
			);
			buildRules = (
			);
			dependencies = (
			);
			name = "reactNativeLoginPage-tvOS";
			productName = "reactNativeLoginPage-tvOS";
			productReference = 2D02E47B1E0B4A5D006451C7 /* reactNativeLoginPage-tvOS.app */;
			productType = "com.apple.product-type.application";
		};
		2D02E48F1E0B4A5D006451C7 /* reactNativeLoginPage-tvOSTests */ = {
			isa = PBXNativeTarget;
			buildConfigurationList = 2D02E4BB1E0B4A5E006451C7 /* Build configuration list for PBXNativeTarget "reactNativeLoginPage-tvOSTests" */;
			buildPhases = (
				D73EC36FEC4A4C3A9A85CD9E /* [CP] Check Pods Manifest.lock */,
				2D02E48C1E0B4A5D006451C7 /* Sources */,
				2D02E48D1E0B4A5D006451C7 /* Frameworks */,
				2D02E48E1E0B4A5D006451C7 /* Resources */,
			);
			buildRules = (
			);
			dependencies = (
				2D02E4921E0B4A5D006451C7 /* PBXTargetDependency */,
			);
			name = "reactNativeLoginPage-tvOSTests";
			productName = "reactNativeLoginPage-tvOSTests";
			productReference = 2D02E4901E0B4A5D006451C7 /* reactNativeLoginPage-tvOSTests.xctest */;
			productType = "com.apple.product-type.bundle.unit-test";
		};
/* End PBXNativeTarget section */

/* Begin PBXProject section */
		83CBB9F71A601CBA00E9B192 /* Project object */ = {
			isa = PBXProject;
			attributes = {
				LastUpgradeCheck = 1130;
				TargetAttributes = {
					00E356ED1AD99517003FC87E = {
						CreatedOnToolsVersion = 6.2;
						TestTargetID = 13B07F861A680F5B00A75B9A;
					};
					13B07F861A680F5B00A75B9A = {
						LastSwiftMigration = 1120;
					};
					2D02E47A1E0B4A5D006451C7 = {
						CreatedOnToolsVersion = 8.2.1;
						ProvisioningStyle = Automatic;
					};
					2D02E48F1E0B4A5D006451C7 = {
						CreatedOnToolsVersion = 8.2.1;
						ProvisioningStyle = Automatic;
						TestTargetID = 2D02E47A1E0B4A5D006451C7;
					};
				};
			};
			buildConfigurationList = 83CBB9FA1A601CBA00E9B192 /* Build configuration list for PBXProject "reactNativeLoginPage" */;
			compatibilityVersion = "Xcode 3.2";
			developmentRegion = en;
			hasScannedForEncodings = 0;
			knownRegions = (
				en,
				Base,
			);
			mainGroup = 83CBB9F61A601CBA00E9B192;
			productRefGroup = 83CBBA001A601CBA00E9B192 /* Products */;
			projectDirPath = "";
			projectRoot = "";
			targets = (
				13B07F861A680F5B00A75B9A /* reactNativeLoginPage */,
				00E356ED1AD99517003FC87E /* reactNativeLoginPageTests */,
				2D02E47A1E0B4A5D006451C7 /* reactNativeLoginPage-tvOS */,
				2D02E48F1E0B4A5D006451C7 /* reactNativeLoginPage-tvOSTests */,
			);
		};
/* End PBXProject section */

/* Begin PBXResourcesBuildPhase section */
		00E356EC1AD99517003FC87E /* Resources */ = {
			isa = PBXResourcesBuildPhase;
			buildActionMask = 2147483647;
			files = (
			);
			runOnlyForDeploymentPostprocessing = 0;
		};
		13B07F8E1A680F5B00A75B9A /* Resources */ = {
			isa = PBXResourcesBuildPhase;
			buildActionMask = 2147483647;
			files = (
				81AB9BB82411601600AC10FF /* LaunchScreen.storyboard in Resources */,
				13B07FBF1A68108700A75B9A /* Images.xcassets in Resources */,
				9D25F9E2D2254FE59879D33F /* Vector.svg in Resources */,
				2416DFB3A97549C3BCE609E6 /* AbrilFatface-Regular.ttf in Resources */,
				F7C5A14D96C249FF84801C14 /* WorkSans-Black.ttf in Resources */,
				113215701F244477A0521702 /* WorkSans-BlackItalic.ttf in Resources */,
				58592A8C72C1493ABE85C7BA /* WorkSans-Bold.ttf in Resources */,
				E4DA8E37078C431AA074AE26 /* WorkSans-BoldItalic.ttf in Resources */,
				2011365EEF5A4F2C8081CAD6 /* WorkSans-ExtraBold.ttf in Resources */,
				E1CF10C1645442D7852710BC /* WorkSans-ExtraBoldItalic.ttf in Resources */,
				20E18202BB294A9C82587894 /* WorkSans-ExtraLight.ttf in Resources */,
				E025398D2B4A4A498E7818EA /* WorkSans-ExtraLightItalic.ttf in Resources */,
				7F79C84214524891AEE54A00 /* WorkSans-Italic.ttf in Resources */,
				22E3BB096228471EB5946268 /* WorkSans-Light.ttf in Resources */,
				9FE31A5D88A64E3890B7AC91 /* WorkSans-LightItalic.ttf in Resources */,
				2EC9F3F96AD141F4BB712875 /* WorkSans-Medium.ttf in Resources */,
				30DA0F0DE42B4EDF9004A5A9 /* WorkSans-MediumItalic.ttf in Resources */,
				50D7A1E99DA04AAC844BA8AA /* WorkSans-Regular.ttf in Resources */,
				7EA3A27AF0734128AEA75B5F /* WorkSans-SemiBold.ttf in Resources */,
				BBDAC3D10F9743DEA9EFAE0E /* WorkSans-SemiBoldItalic.ttf in Resources */,
				9B25562DE3084857932CC790 /* WorkSans-Thin.ttf in Resources */,
				F4E6DEE2ED5249329DE889EA /* WorkSans-ThinItalic.ttf in Resources */,
				EA6A975E2A1C40C1B680F496 /* WorkSans-Italic-VariableFont_wght.ttf in Resources */,
				7DC8D9FF121A4186ACF74D69 /* WorkSans-VariableFont_wght.ttf in Resources */,
			);
			runOnlyForDeploymentPostprocessing = 0;
		};
		2D02E4791E0B4A5D006451C7 /* Resources */ = {
			isa = PBXResourcesBuildPhase;
			buildActionMask = 2147483647;
			files = (
				2D02E4BD1E0B4A84006451C7 /* Images.xcassets in Resources */,
			);
			runOnlyForDeploymentPostprocessing = 0;
		};
		2D02E48E1E0B4A5D006451C7 /* Resources */ = {
			isa = PBXResourcesBuildPhase;
			buildActionMask = 2147483647;
			files = (
			);
			runOnlyForDeploymentPostprocessing = 0;
		};
/* End PBXResourcesBuildPhase section */

/* Begin PBXShellScriptBuildPhase section */
		00DD1BFF1BD5951E006B06BC /* Bundle React Native code and images */ = {
			isa = PBXShellScriptBuildPhase;
			buildActionMask = 2147483647;
			files = (
			);
			inputPaths = (
			);
			name = "Bundle React Native code and images";
			outputPaths = (
			);
			runOnlyForDeploymentPostprocessing = 0;
			shellPath = /bin/sh;
			shellScript = "export NODE_BINARY=node\n../node_modules/react-native/scripts/react-native-xcode.sh";
		};
		07846245FA6C0DAB6BFED10A /* [CP] Copy Pods Resources */ = {
			isa = PBXShellScriptBuildPhase;
			buildActionMask = 2147483647;
			files = (
			);
			inputPaths = (
				"${PODS_ROOT}/Target Support Files/Pods-reactNativeLoginPage-reactNativeLoginPageTests/Pods-reactNativeLoginPage-reactNativeLoginPageTests-resources.sh",
				"${PODS_CONFIGURATION_BUILD_DIR}/React-Core/AccessibilityResources.bundle",
			);
			name = "[CP] Copy Pods Resources";
			outputPaths = (
				"${TARGET_BUILD_DIR}/${UNLOCALIZED_RESOURCES_FOLDER_PATH}/AccessibilityResources.bundle",
			);
			runOnlyForDeploymentPostprocessing = 0;
			shellPath = /bin/sh;
			shellScript = "\"${PODS_ROOT}/Target Support Files/Pods-reactNativeLoginPage-reactNativeLoginPageTests/Pods-reactNativeLoginPage-reactNativeLoginPageTests-resources.sh\"\n";
			showEnvVarsInLog = 0;
		};
		11B8169D216CC54B8362D314 /* [CP] Copy Pods Resources */ = {
			isa = PBXShellScriptBuildPhase;
			buildActionMask = 2147483647;
			files = (
			);
			inputPaths = (
				"${PODS_ROOT}/Target Support Files/Pods-reactNativeLoginPage/Pods-reactNativeLoginPage-resources.sh",
				"${PODS_CONFIGURATION_BUILD_DIR}/React-Core/AccessibilityResources.bundle",
			);
			name = "[CP] Copy Pods Resources";
			outputPaths = (
				"${TARGET_BUILD_DIR}/${UNLOCALIZED_RESOURCES_FOLDER_PATH}/AccessibilityResources.bundle",
			);
			runOnlyForDeploymentPostprocessing = 0;
			shellPath = /bin/sh;
			shellScript = "\"${PODS_ROOT}/Target Support Files/Pods-reactNativeLoginPage/Pods-reactNativeLoginPage-resources.sh\"\n";
			showEnvVarsInLog = 0;
		};
		2D02E4CB1E0B4B27006451C7 /* Bundle React Native Code And Images */ = {
			isa = PBXShellScriptBuildPhase;
			buildActionMask = 2147483647;
			files = (
			);
			inputPaths = (
			);
			name = "Bundle React Native Code And Images";
			outputPaths = (
			);
			runOnlyForDeploymentPostprocessing = 0;
			shellPath = /bin/sh;
			shellScript = "export NODE_BINARY=node\n../node_modules/react-native/scripts/react-native-xcode.sh";
		};
		985876E07BB033EAE9458C58 /* [CP] Check Pods Manifest.lock */ = {
			isa = PBXShellScriptBuildPhase;
			buildActionMask = 2147483647;
			files = (
			);
			inputFileListPaths = (
			);
			inputPaths = (
				"${PODS_PODFILE_DIR_PATH}/Podfile.lock",
				"${PODS_ROOT}/Manifest.lock",
			);
			name = "[CP] Check Pods Manifest.lock";
			outputFileListPaths = (
			);
			outputPaths = (
				"$(DERIVED_FILE_DIR)/Pods-reactNativeLoginPage-tvOS-checkManifestLockResult.txt",
			);
			runOnlyForDeploymentPostprocessing = 0;
			shellPath = /bin/sh;
			shellScript = "diff \"${PODS_PODFILE_DIR_PATH}/Podfile.lock\" \"${PODS_ROOT}/Manifest.lock\" > /dev/null\nif [ $? != 0 ] ; then\n    # print error to STDERR\n    echo \"error: The sandbox is not in sync with the Podfile.lock. Run 'pod install' or update your CocoaPods installation.\" >&2\n    exit 1\nfi\n# This output is used by Xcode 'outputs' to avoid re-running this script phase.\necho \"SUCCESS\" > \"${SCRIPT_OUTPUT_FILE_0}\"\n";
			showEnvVarsInLog = 0;
		};
		A563963DFD6C5652733836C9 /* [CP] Embed Pods Frameworks */ = {
			isa = PBXShellScriptBuildPhase;
			buildActionMask = 2147483647;
			files = (
			);
			inputPaths = (
				"${PODS_ROOT}/Target Support Files/Pods-reactNativeLoginPage/Pods-reactNativeLoginPage-frameworks.sh",
				"${PODS_XCFRAMEWORKS_BUILD_DIR}/OpenSSL/OpenSSL.framework/OpenSSL",
			);
			name = "[CP] Embed Pods Frameworks";
			outputPaths = (
				"${TARGET_BUILD_DIR}/${FRAMEWORKS_FOLDER_PATH}/OpenSSL.framework",
			);
			runOnlyForDeploymentPostprocessing = 0;
			shellPath = /bin/sh;
			shellScript = "\"${PODS_ROOT}/Target Support Files/Pods-reactNativeLoginPage/Pods-reactNativeLoginPage-frameworks.sh\"\n";
			showEnvVarsInLog = 0;
		};
		C1D38DA255976EA5D2C066D0 /* [CP] Embed Pods Frameworks */ = {
			isa = PBXShellScriptBuildPhase;
			buildActionMask = 2147483647;
			files = (
			);
			inputPaths = (
				"${PODS_ROOT}/Target Support Files/Pods-reactNativeLoginPage-reactNativeLoginPageTests/Pods-reactNativeLoginPage-reactNativeLoginPageTests-frameworks.sh",
				"${PODS_XCFRAMEWORKS_BUILD_DIR}/OpenSSL/OpenSSL.framework/OpenSSL",
			);
			name = "[CP] Embed Pods Frameworks";
			outputPaths = (
				"${TARGET_BUILD_DIR}/${FRAMEWORKS_FOLDER_PATH}/OpenSSL.framework",
			);
			runOnlyForDeploymentPostprocessing = 0;
			shellPath = /bin/sh;
			shellScript = "\"${PODS_ROOT}/Target Support Files/Pods-reactNativeLoginPage-reactNativeLoginPageTests/Pods-reactNativeLoginPage-reactNativeLoginPageTests-frameworks.sh\"\n";
			showEnvVarsInLog = 0;
		};
		CDD2D5F9CF4114BDA54FB8AE /* [CP] Check Pods Manifest.lock */ = {
			isa = PBXShellScriptBuildPhase;
			buildActionMask = 2147483647;
			files = (
			);
			inputFileListPaths = (
			);
			inputPaths = (
				"${PODS_PODFILE_DIR_PATH}/Podfile.lock",
				"${PODS_ROOT}/Manifest.lock",
			);
			name = "[CP] Check Pods Manifest.lock";
			outputFileListPaths = (
			);
			outputPaths = (
				"$(DERIVED_FILE_DIR)/Pods-reactNativeLoginPage-checkManifestLockResult.txt",
			);
			runOnlyForDeploymentPostprocessing = 0;
			shellPath = /bin/sh;
			shellScript = "diff \"${PODS_PODFILE_DIR_PATH}/Podfile.lock\" \"${PODS_ROOT}/Manifest.lock\" > /dev/null\nif [ $? != 0 ] ; then\n    # print error to STDERR\n    echo \"error: The sandbox is not in sync with the Podfile.lock. Run 'pod install' or update your CocoaPods installation.\" >&2\n    exit 1\nfi\n# This output is used by Xcode 'outputs' to avoid re-running this script phase.\necho \"SUCCESS\" > \"${SCRIPT_OUTPUT_FILE_0}\"\n";
			showEnvVarsInLog = 0;
		};
		D73EC36FEC4A4C3A9A85CD9E /* [CP] Check Pods Manifest.lock */ = {
			isa = PBXShellScriptBuildPhase;
			buildActionMask = 2147483647;
			files = (
			);
			inputFileListPaths = (
			);
			inputPaths = (
				"${PODS_PODFILE_DIR_PATH}/Podfile.lock",
				"${PODS_ROOT}/Manifest.lock",
			);
			name = "[CP] Check Pods Manifest.lock";
			outputFileListPaths = (
			);
			outputPaths = (
				"$(DERIVED_FILE_DIR)/Pods-reactNativeLoginPage-tvOSTests-checkManifestLockResult.txt",
			);
			runOnlyForDeploymentPostprocessing = 0;
			shellPath = /bin/sh;
			shellScript = "diff \"${PODS_PODFILE_DIR_PATH}/Podfile.lock\" \"${PODS_ROOT}/Manifest.lock\" > /dev/null\nif [ $? != 0 ] ; then\n    # print error to STDERR\n    echo \"error: The sandbox is not in sync with the Podfile.lock. Run 'pod install' or update your CocoaPods installation.\" >&2\n    exit 1\nfi\n# This output is used by Xcode 'outputs' to avoid re-running this script phase.\necho \"SUCCESS\" > \"${SCRIPT_OUTPUT_FILE_0}\"\n";
			showEnvVarsInLog = 0;
		};
		FC1C5CE7C5167AAFB7415AB7 /* [CP] Check Pods Manifest.lock */ = {
			isa = PBXShellScriptBuildPhase;
			buildActionMask = 2147483647;
			files = (
			);
			inputFileListPaths = (
			);
			inputPaths = (
				"${PODS_PODFILE_DIR_PATH}/Podfile.lock",
				"${PODS_ROOT}/Manifest.lock",
			);
			name = "[CP] Check Pods Manifest.lock";
			outputFileListPaths = (
			);
			outputPaths = (
				"$(DERIVED_FILE_DIR)/Pods-reactNativeLoginPage-reactNativeLoginPageTests-checkManifestLockResult.txt",
			);
			runOnlyForDeploymentPostprocessing = 0;
			shellPath = /bin/sh;
			shellScript = "diff \"${PODS_PODFILE_DIR_PATH}/Podfile.lock\" \"${PODS_ROOT}/Manifest.lock\" > /dev/null\nif [ $? != 0 ] ; then\n    # print error to STDERR\n    echo \"error: The sandbox is not in sync with the Podfile.lock. Run 'pod install' or update your CocoaPods installation.\" >&2\n    exit 1\nfi\n# This output is used by Xcode 'outputs' to avoid re-running this script phase.\necho \"SUCCESS\" > \"${SCRIPT_OUTPUT_FILE_0}\"\n";
			showEnvVarsInLog = 0;
		};
		FD10A7F022414F080027D42C /* Start Packager */ = {
			isa = PBXShellScriptBuildPhase;
			buildActionMask = 2147483647;
			files = (
			);
			inputFileListPaths = (
			);
			inputPaths = (
			);
			name = "Start Packager";
			outputFileListPaths = (
			);
			outputPaths = (
			);
			runOnlyForDeploymentPostprocessing = 0;
			shellPath = /bin/sh;
			shellScript = "export RCT_METRO_PORT=\"${RCT_METRO_PORT:=8081}\"\necho \"export RCT_METRO_PORT=${RCT_METRO_PORT}\" > \"${SRCROOT}/../node_modules/react-native/scripts/.packager.env\"\nif [ -z \"${RCT_NO_LAUNCH_PACKAGER+xxx}\" ] ; then\n  if nc -w 5 -z localhost ${RCT_METRO_PORT} ; then\n    if ! curl -s \"http://localhost:${RCT_METRO_PORT}/status\" | grep -q \"packager-status:running\" ; then\n      echo \"Port ${RCT_METRO_PORT} already in use, packager is either not running or not running correctly\"\n      exit 2\n    fi\n  else\n    open \"$SRCROOT/../node_modules/react-native/scripts/launchPackager.command\" || echo \"Can't start packager automatically\"\n  fi\nfi\n";
			showEnvVarsInLog = 0;
		};
		FD10A7F122414F3F0027D42C /* Start Packager */ = {
			isa = PBXShellScriptBuildPhase;
			buildActionMask = 2147483647;
			files = (
			);
			inputFileListPaths = (
			);
			inputPaths = (
			);
			name = "Start Packager";
			outputFileListPaths = (
			);
			outputPaths = (
			);
			runOnlyForDeploymentPostprocessing = 0;
			shellPath = /bin/sh;
			shellScript = "export RCT_METRO_PORT=\"${RCT_METRO_PORT:=8081}\"\necho \"export RCT_METRO_PORT=${RCT_METRO_PORT}\" > \"${SRCROOT}/../node_modules/react-native/scripts/.packager.env\"\nif [ -z \"${RCT_NO_LAUNCH_PACKAGER+xxx}\" ] ; then\n  if nc -w 5 -z localhost ${RCT_METRO_PORT} ; then\n    if ! curl -s \"http://localhost:${RCT_METRO_PORT}/status\" | grep -q \"packager-status:running\" ; then\n      echo \"Port ${RCT_METRO_PORT} already in use, packager is either not running or not running correctly\"\n      exit 2\n    fi\n  else\n    open \"$SRCROOT/../node_modules/react-native/scripts/launchPackager.command\" || echo \"Can't start packager automatically\"\n  fi\nfi\n";
			showEnvVarsInLog = 0;
		};
/* End PBXShellScriptBuildPhase section */

/* Begin PBXSourcesBuildPhase section */
		00E356EA1AD99517003FC87E /* Sources */ = {
			isa = PBXSourcesBuildPhase;
			buildActionMask = 2147483647;
			files = (
				00E356F31AD99517003FC87E /* reactNativeLoginPageTests.m in Sources */,
			);
			runOnlyForDeploymentPostprocessing = 0;
		};
		13B07F871A680F5B00A75B9A /* Sources */ = {
			isa = PBXSourcesBuildPhase;
			buildActionMask = 2147483647;
			files = (
				13B07FBC1A68108700A75B9A /* AppDelegate.m in Sources */,
				13B07FC11A68108700A75B9A /* main.m in Sources */,
			);
			runOnlyForDeploymentPostprocessing = 0;
		};
		2D02E4771E0B4A5D006451C7 /* Sources */ = {
			isa = PBXSourcesBuildPhase;
			buildActionMask = 2147483647;
			files = (
				2D02E4BF1E0B4AB3006451C7 /* main.m in Sources */,
				2D02E4BC1E0B4A80006451C7 /* AppDelegate.m in Sources */,
			);
			runOnlyForDeploymentPostprocessing = 0;
		};
		2D02E48C1E0B4A5D006451C7 /* Sources */ = {
			isa = PBXSourcesBuildPhase;
			buildActionMask = 2147483647;
			files = (
				2DCD954D1E0B4F2C00145EB5 /* reactNativeLoginPageTests.m in Sources */,
			);
			runOnlyForDeploymentPostprocessing = 0;
		};
/* End PBXSourcesBuildPhase section */

/* Begin PBXTargetDependency section */
		00E356F51AD99517003FC87E /* PBXTargetDependency */ = {
			isa = PBXTargetDependency;
			target = 13B07F861A680F5B00A75B9A /* reactNativeLoginPage */;
			targetProxy = 00E356F41AD99517003FC87E /* PBXContainerItemProxy */;
		};
		2D02E4921E0B4A5D006451C7 /* PBXTargetDependency */ = {
			isa = PBXTargetDependency;
			target = 2D02E47A1E0B4A5D006451C7 /* reactNativeLoginPage-tvOS */;
			targetProxy = 2D02E4911E0B4A5D006451C7 /* PBXContainerItemProxy */;
		};
/* End PBXTargetDependency section */

/* Begin XCBuildConfiguration section */
		00E356F61AD99517003FC87E /* Debug */ = {
			isa = XCBuildConfiguration;
			baseConfigurationReference = E23BF54997F20CD09FB170FB /* Pods-reactNativeLoginPage-reactNativeLoginPageTests.debug.xcconfig */;
			buildSettings = {
				BUNDLE_LOADER = "$(TEST_HOST)";
				GCC_PREPROCESSOR_DEFINITIONS = (
					"DEBUG=1",
					"$(inherited)",
				);
				INFOPLIST_FILE = reactNativeLoginPageTests/Info.plist;
				IPHONEOS_DEPLOYMENT_TARGET = 10.0;
				LD_RUNPATH_SEARCH_PATHS = "$(inherited) @executable_path/Frameworks @loader_path/Frameworks";
				OTHER_LDFLAGS = (
					"-ObjC",
					"-lc++",
					"$(inherited)",
				);
				PRODUCT_BUNDLE_IDENTIFIER = "org.reactjs.native.example.$(PRODUCT_NAME:rfc1034identifier)";
				PRODUCT_NAME = "$(TARGET_NAME)";
				TEST_HOST = "$(BUILT_PRODUCTS_DIR)/reactNativeLoginPage.app/reactNativeLoginPage";
			};
			name = Debug;
		};
		00E356F71AD99517003FC87E /* Release */ = {
			isa = XCBuildConfiguration;
			baseConfigurationReference = 1788E699327CDC9FCC0E69C0 /* Pods-reactNativeLoginPage-reactNativeLoginPageTests.release.xcconfig */;
			buildSettings = {
				BUNDLE_LOADER = "$(TEST_HOST)";
				COPY_PHASE_STRIP = NO;
				INFOPLIST_FILE = reactNativeLoginPageTests/Info.plist;
				IPHONEOS_DEPLOYMENT_TARGET = 10.0;
				LD_RUNPATH_SEARCH_PATHS = "$(inherited) @executable_path/Frameworks @loader_path/Frameworks";
				OTHER_LDFLAGS = (
					"-ObjC",
					"-lc++",
					"$(inherited)",
				);
				PRODUCT_BUNDLE_IDENTIFIER = "org.reactjs.native.example.$(PRODUCT_NAME:rfc1034identifier)";
				PRODUCT_NAME = "$(TARGET_NAME)";
				TEST_HOST = "$(BUILT_PRODUCTS_DIR)/reactNativeLoginPage.app/reactNativeLoginPage";
			};
			name = Release;
		};
		13B07F941A680F5B00A75B9A /* Debug */ = {
			isa = XCBuildConfiguration;
			baseConfigurationReference = 416ABB7E2B31D3703D300E4F /* Pods-reactNativeLoginPage.debug.xcconfig */;
			buildSettings = {
				ASSETCATALOG_COMPILER_APPICON_NAME = AppIcon;
				CLANG_ENABLE_MODULES = YES;
				CURRENT_PROJECT_VERSION = 1;
				ENABLE_BITCODE = NO;
				INFOPLIST_FILE = reactNativeLoginPage/Info.plist;
				LD_RUNPATH_SEARCH_PATHS = "$(inherited) @executable_path/Frameworks";
				OTHER_LDFLAGS = (
					"$(inherited)",
					"-ObjC",
					"-lc++",
				);
				PRODUCT_BUNDLE_IDENTIFIER = "org.reactjs.native.example.$(PRODUCT_NAME:rfc1034identifier)";
				PRODUCT_NAME = reactNativeLoginPage;
				SWIFT_OPTIMIZATION_LEVEL = "-Onone";
				SWIFT_VERSION = 5.0;
				VERSIONING_SYSTEM = "apple-generic";
			};
			name = Debug;
		};
		13B07F951A680F5B00A75B9A /* Release */ = {
			isa = XCBuildConfiguration;
			baseConfigurationReference = 243AB2F38FFDEFEFB64795E7 /* Pods-reactNativeLoginPage.release.xcconfig */;
			buildSettings = {
				ASSETCATALOG_COMPILER_APPICON_NAME = AppIcon;
				CLANG_ENABLE_MODULES = YES;
				CURRENT_PROJECT_VERSION = 1;
				INFOPLIST_FILE = reactNativeLoginPage/Info.plist;
				LD_RUNPATH_SEARCH_PATHS = "$(inherited) @executable_path/Frameworks";
				OTHER_LDFLAGS = (
					"$(inherited)",
					"-ObjC",
					"-lc++",
				);
				PRODUCT_BUNDLE_IDENTIFIER = "org.reactjs.native.example.$(PRODUCT_NAME:rfc1034identifier)";
				PRODUCT_NAME = reactNativeLoginPage;
				SWIFT_VERSION = 5.0;
				VERSIONING_SYSTEM = "apple-generic";
			};
			name = Release;
		};
		2D02E4971E0B4A5E006451C7 /* Debug */ = {
			isa = XCBuildConfiguration;
			baseConfigurationReference = 9C307329791E6484CCCF4CDA /* Pods-reactNativeLoginPage-tvOS.debug.xcconfig */;
			buildSettings = {
				ASSETCATALOG_COMPILER_APPICON_NAME = "App Icon & Top Shelf Image";
				ASSETCATALOG_COMPILER_LAUNCHIMAGE_NAME = LaunchImage;
				CLANG_ANALYZER_NONNULL = YES;
				CLANG_WARN_DOCUMENTATION_COMMENTS = YES;
				CLANG_WARN_INFINITE_RECURSION = YES;
				CLANG_WARN_SUSPICIOUS_MOVE = YES;
				DEBUG_INFORMATION_FORMAT = dwarf;
				ENABLE_TESTABILITY = YES;
				GCC_NO_COMMON_BLOCKS = YES;
				INFOPLIST_FILE = "reactNativeLoginPage-tvOS/Info.plist";
				LD_RUNPATH_SEARCH_PATHS = "$(inherited) @executable_path/Frameworks";
				OTHER_LDFLAGS = (
					"$(inherited)",
					"-ObjC",
					"-lc++",
				);
				PRODUCT_BUNDLE_IDENTIFIER = "org.reactjs.native.example.reactNativeLoginPage-tvOS";
				PRODUCT_NAME = "$(TARGET_NAME)";
				SDKROOT = appletvos;
				TARGETED_DEVICE_FAMILY = 3;
				TVOS_DEPLOYMENT_TARGET = 10.0;
			};
			name = Debug;
		};
		2D02E4981E0B4A5E006451C7 /* Release */ = {
			isa = XCBuildConfiguration;
			baseConfigurationReference = 77DA07F39E398B745E6B7DED /* Pods-reactNativeLoginPage-tvOS.release.xcconfig */;
			buildSettings = {
				ASSETCATALOG_COMPILER_APPICON_NAME = "App Icon & Top Shelf Image";
				ASSETCATALOG_COMPILER_LAUNCHIMAGE_NAME = LaunchImage;
				CLANG_ANALYZER_NONNULL = YES;
				CLANG_WARN_DOCUMENTATION_COMMENTS = YES;
				CLANG_WARN_INFINITE_RECURSION = YES;
				CLANG_WARN_SUSPICIOUS_MOVE = YES;
				COPY_PHASE_STRIP = NO;
				DEBUG_INFORMATION_FORMAT = "dwarf-with-dsym";
				GCC_NO_COMMON_BLOCKS = YES;
				INFOPLIST_FILE = "reactNativeLoginPage-tvOS/Info.plist";
				LD_RUNPATH_SEARCH_PATHS = "$(inherited) @executable_path/Frameworks";
				OTHER_LDFLAGS = (
					"$(inherited)",
					"-ObjC",
					"-lc++",
				);
				PRODUCT_BUNDLE_IDENTIFIER = "org.reactjs.native.example.reactNativeLoginPage-tvOS";
				PRODUCT_NAME = "$(TARGET_NAME)";
				SDKROOT = appletvos;
				TARGETED_DEVICE_FAMILY = 3;
				TVOS_DEPLOYMENT_TARGET = 10.0;
			};
			name = Release;
		};
		2D02E4991E0B4A5E006451C7 /* Debug */ = {
			isa = XCBuildConfiguration;
			baseConfigurationReference = B8F38A343FA63CDA417B1880 /* Pods-reactNativeLoginPage-tvOSTests.debug.xcconfig */;
			buildSettings = {
				BUNDLE_LOADER = "$(TEST_HOST)";
				CLANG_ANALYZER_NONNULL = YES;
				CLANG_WARN_DOCUMENTATION_COMMENTS = YES;
				CLANG_WARN_INFINITE_RECURSION = YES;
				CLANG_WARN_SUSPICIOUS_MOVE = YES;
				DEBUG_INFORMATION_FORMAT = dwarf;
				ENABLE_TESTABILITY = YES;
				GCC_NO_COMMON_BLOCKS = YES;
				INFOPLIST_FILE = "reactNativeLoginPage-tvOSTests/Info.plist";
				LD_RUNPATH_SEARCH_PATHS = "$(inherited) @executable_path/Frameworks @loader_path/Frameworks";
				OTHER_LDFLAGS = (
					"$(inherited)",
					"-ObjC",
					"-lc++",
				);
				PRODUCT_BUNDLE_IDENTIFIER = "org.reactjs.native.example.reactNativeLoginPage-tvOSTests";
				PRODUCT_NAME = "$(TARGET_NAME)";
				SDKROOT = appletvos;
				TEST_HOST = "$(BUILT_PRODUCTS_DIR)/reactNativeLoginPage-tvOS.app/reactNativeLoginPage-tvOS";
				TVOS_DEPLOYMENT_TARGET = 10.1;
			};
			name = Debug;
		};
		2D02E49A1E0B4A5E006451C7 /* Release */ = {
			isa = XCBuildConfiguration;
			baseConfigurationReference = 1E605C67770C2FA45A7CA58F /* Pods-reactNativeLoginPage-tvOSTests.release.xcconfig */;
			buildSettings = {
				BUNDLE_LOADER = "$(TEST_HOST)";
				CLANG_ANALYZER_NONNULL = YES;
				CLANG_WARN_DOCUMENTATION_COMMENTS = YES;
				CLANG_WARN_INFINITE_RECURSION = YES;
				CLANG_WARN_SUSPICIOUS_MOVE = YES;
				COPY_PHASE_STRIP = NO;
				DEBUG_INFORMATION_FORMAT = "dwarf-with-dsym";
				GCC_NO_COMMON_BLOCKS = YES;
				INFOPLIST_FILE = "reactNativeLoginPage-tvOSTests/Info.plist";
				LD_RUNPATH_SEARCH_PATHS = "$(inherited) @executable_path/Frameworks @loader_path/Frameworks";
				OTHER_LDFLAGS = (
					"$(inherited)",
					"-ObjC",
					"-lc++",
				);
				PRODUCT_BUNDLE_IDENTIFIER = "org.reactjs.native.example.reactNativeLoginPage-tvOSTests";
				PRODUCT_NAME = "$(TARGET_NAME)";
				SDKROOT = appletvos;
				TEST_HOST = "$(BUILT_PRODUCTS_DIR)/reactNativeLoginPage-tvOS.app/reactNativeLoginPage-tvOS";
				TVOS_DEPLOYMENT_TARGET = 10.1;
			};
			name = Release;
		};
		83CBBA201A601CBA00E9B192 /* Debug */ = {
			isa = XCBuildConfiguration;
			buildSettings = {
				ALWAYS_SEARCH_USER_PATHS = NO;
				CLANG_ANALYZER_LOCALIZABILITY_NONLOCALIZED = YES;
				CLANG_CXX_LANGUAGE_STANDARD = "gnu++0x";
				CLANG_CXX_LIBRARY = "libc++";
				CLANG_ENABLE_MODULES = YES;
				CLANG_ENABLE_OBJC_ARC = YES;
				CLANG_WARN_BLOCK_CAPTURE_AUTORELEASING = YES;
				CLANG_WARN_BOOL_CONVERSION = YES;
				CLANG_WARN_COMMA = YES;
				CLANG_WARN_CONSTANT_CONVERSION = YES;
				CLANG_WARN_DEPRECATED_OBJC_IMPLEMENTATIONS = YES;
				CLANG_WARN_DIRECT_OBJC_ISA_USAGE = YES_ERROR;
				CLANG_WARN_EMPTY_BODY = YES;
				CLANG_WARN_ENUM_CONVERSION = YES;
				CLANG_WARN_INFINITE_RECURSION = YES;
				CLANG_WARN_INT_CONVERSION = YES;
				CLANG_WARN_NON_LITERAL_NULL_CONVERSION = YES;
				CLANG_WARN_OBJC_IMPLICIT_RETAIN_SELF = YES;
				CLANG_WARN_OBJC_LITERAL_CONVERSION = YES;
				CLANG_WARN_OBJC_ROOT_CLASS = YES_ERROR;
				CLANG_WARN_RANGE_LOOP_ANALYSIS = YES;
				CLANG_WARN_STRICT_PROTOTYPES = YES;
				CLANG_WARN_SUSPICIOUS_MOVE = YES;
				CLANG_WARN_UNREACHABLE_CODE = YES;
				CLANG_WARN__DUPLICATE_METHOD_MATCH = YES;
				"CODE_SIGN_IDENTITY[sdk=iphoneos*]" = "iPhone Developer";
				COPY_PHASE_STRIP = NO;
				ENABLE_STRICT_OBJC_MSGSEND = YES;
				ENABLE_TESTABILITY = YES;
				GCC_C_LANGUAGE_STANDARD = gnu99;
				GCC_DYNAMIC_NO_PIC = NO;
				GCC_NO_COMMON_BLOCKS = YES;
				GCC_OPTIMIZATION_LEVEL = 0;
				GCC_PREPROCESSOR_DEFINITIONS = (
					"DEBUG=1",
					"$(inherited)",
				);
				GCC_SYMBOLS_PRIVATE_EXTERN = NO;
				GCC_WARN_64_TO_32_BIT_CONVERSION = YES;
				GCC_WARN_ABOUT_RETURN_TYPE = YES_ERROR;
				GCC_WARN_UNDECLARED_SELECTOR = YES;
				GCC_WARN_UNINITIALIZED_AUTOS = YES_AGGRESSIVE;
				GCC_WARN_UNUSED_FUNCTION = YES;
				GCC_WARN_UNUSED_VARIABLE = YES;
				IPHONEOS_DEPLOYMENT_TARGET = 10.0;
				LD_RUNPATH_SEARCH_PATHS = "/usr/lib/swift $(inherited)";
				LIBRARY_SEARCH_PATHS = (
					"\"$(TOOLCHAIN_DIR)/usr/lib/swift/$(PLATFORM_NAME)\"",
					"\"$(TOOLCHAIN_DIR)/usr/lib/swift-5.0/$(PLATFORM_NAME)\"",
					"\"$(inherited)\"",
				);
				MTL_ENABLE_DEBUG_INFO = YES;
				ONLY_ACTIVE_ARCH = YES;
				SDKROOT = iphoneos;
			};
			name = Debug;
		};
		83CBBA211A601CBA00E9B192 /* Release */ = {
			isa = XCBuildConfiguration;
			buildSettings = {
				ALWAYS_SEARCH_USER_PATHS = NO;
				CLANG_ANALYZER_LOCALIZABILITY_NONLOCALIZED = YES;
				CLANG_CXX_LANGUAGE_STANDARD = "gnu++0x";
				CLANG_CXX_LIBRARY = "libc++";
				CLANG_ENABLE_MODULES = YES;
				CLANG_ENABLE_OBJC_ARC = YES;
				CLANG_WARN_BLOCK_CAPTURE_AUTORELEASING = YES;
				CLANG_WARN_BOOL_CONVERSION = YES;
				CLANG_WARN_COMMA = YES;
				CLANG_WARN_CONSTANT_CONVERSION = YES;
				CLANG_WARN_DEPRECATED_OBJC_IMPLEMENTATIONS = YES;
				CLANG_WARN_DIRECT_OBJC_ISA_USAGE = YES_ERROR;
				CLANG_WARN_EMPTY_BODY = YES;
				CLANG_WARN_ENUM_CONVERSION = YES;
				CLANG_WARN_INFINITE_RECURSION = YES;
				CLANG_WARN_INT_CONVERSION = YES;
				CLANG_WARN_NON_LITERAL_NULL_CONVERSION = YES;
				CLANG_WARN_OBJC_IMPLICIT_RETAIN_SELF = YES;
				CLANG_WARN_OBJC_LITERAL_CONVERSION = YES;
				CLANG_WARN_OBJC_ROOT_CLASS = YES_ERROR;
				CLANG_WARN_RANGE_LOOP_ANALYSIS = YES;
				CLANG_WARN_STRICT_PROTOTYPES = YES;
				CLANG_WARN_SUSPICIOUS_MOVE = YES;
				CLANG_WARN_UNREACHABLE_CODE = YES;
				CLANG_WARN__DUPLICATE_METHOD_MATCH = YES;
				"CODE_SIGN_IDENTITY[sdk=iphoneos*]" = "iPhone Developer";
				COPY_PHASE_STRIP = YES;
				ENABLE_NS_ASSERTIONS = NO;
				ENABLE_STRICT_OBJC_MSGSEND = YES;
				GCC_C_LANGUAGE_STANDARD = gnu99;
				GCC_NO_COMMON_BLOCKS = YES;
				GCC_WARN_64_TO_32_BIT_CONVERSION = YES;
				GCC_WARN_ABOUT_RETURN_TYPE = YES_ERROR;
				GCC_WARN_UNDECLARED_SELECTOR = YES;
				GCC_WARN_UNINITIALIZED_AUTOS = YES_AGGRESSIVE;
				GCC_WARN_UNUSED_FUNCTION = YES;
				GCC_WARN_UNUSED_VARIABLE = YES;
				IPHONEOS_DEPLOYMENT_TARGET = 10.0;
				LD_RUNPATH_SEARCH_PATHS = "/usr/lib/swift $(inherited)";
				LIBRARY_SEARCH_PATHS = (
					"\"$(TOOLCHAIN_DIR)/usr/lib/swift/$(PLATFORM_NAME)\"",
					"\"$(TOOLCHAIN_DIR)/usr/lib/swift-5.0/$(PLATFORM_NAME)\"",
					"\"$(inherited)\"",
				);
				MTL_ENABLE_DEBUG_INFO = NO;
				SDKROOT = iphoneos;
				VALIDATE_PRODUCT = YES;
			};
			name = Release;
		};
/* End XCBuildConfiguration section */

/* Begin XCConfigurationList section */
		00E357021AD99517003FC87E /* Build configuration list for PBXNativeTarget "reactNativeLoginPageTests" */ = {
			isa = XCConfigurationList;
			buildConfigurations = (
				00E356F61AD99517003FC87E /* Debug */,
				00E356F71AD99517003FC87E /* Release */,
			);
			defaultConfigurationIsVisible = 0;
			defaultConfigurationName = Release;
		};
		13B07F931A680F5B00A75B9A /* Build configuration list for PBXNativeTarget "reactNativeLoginPage" */ = {
			isa = XCConfigurationList;
			buildConfigurations = (
				13B07F941A680F5B00A75B9A /* Debug */,
				13B07F951A680F5B00A75B9A /* Release */,
			);
			defaultConfigurationIsVisible = 0;
			defaultConfigurationName = Release;
		};
		2D02E4BA1E0B4A5E006451C7 /* Build configuration list for PBXNativeTarget "reactNativeLoginPage-tvOS" */ = {
			isa = XCConfigurationList;
			buildConfigurations = (
				2D02E4971E0B4A5E006451C7 /* Debug */,
				2D02E4981E0B4A5E006451C7 /* Release */,
			);
			defaultConfigurationIsVisible = 0;
			defaultConfigurationName = Release;
		};
		2D02E4BB1E0B4A5E006451C7 /* Build configuration list for PBXNativeTarget "reactNativeLoginPage-tvOSTests" */ = {
			isa = XCConfigurationList;
			buildConfigurations = (
				2D02E4991E0B4A5E006451C7 /* Debug */,
				2D02E49A1E0B4A5E006451C7 /* Release */,
			);
			defaultConfigurationIsVisible = 0;
			defaultConfigurationName = Release;
		};
		83CBB9FA1A601CBA00E9B192 /* Build configuration list for PBXProject "reactNativeLoginPage" */ = {
			isa = XCConfigurationList;
			buildConfigurations = (
				83CBBA201A601CBA00E9B192 /* Debug */,
				83CBBA211A601CBA00E9B192 /* Release */,
			);
			defaultConfigurationIsVisible = 0;
			defaultConfigurationName = Release;
		};
/* End XCConfigurationList section */
	};
	rootObject = 83CBB9F71A601CBA00E9B192 /* Project object */;
}
